
Microsoft Visual Studio Solution File, Format Version 12.00
# Visual Studio Version 16
VisualStudioVersion = 16.0.31019.35
MinimumVisualStudioVersion = 10.0.40219.1
Project("{8BC9CEB8-8B4A-11D0-8D11-00A0C91BC942}") = "Project1", "Project1\Project1.vcxproj", "{F8F860EA-EEB3-42CA-AB20-7B33F8948DA6}"
EndProject
Global
	GlobalSection(SolutionConfigurationPlatforms) = preSolution
		Debug|x64 = Debug|x64
		Debug|x86 = Debug|x86
		Release|x64 = Release|x64
		Release|x86 = Release|x86
	EndGlobalSection
	GlobalSection(ProjectConfigurationPlatforms) = postSolution
		{F8F860EA-EEB3-42CA-AB20-7B33F8948DA6}.Debug|x64.ActiveCfg = Debug|x64
		{F8F860EA-EEB3-42CA-AB20-7B33F8948DA6}.Debug|x64.Build.0 = Debug|x64
		{F8F860EA-EEB3-42CA-AB20-7B33F8948DA6}.Debug|x86.ActiveCfg = Debug|Win32
		{F8F860EA-EEB3-42CA-AB20-7B33F8948DA6}.Debug|x86.Build.0 = Debug|Win32
		{F8F860EA-EEB3-42CA-AB20-7B33F8948DA6}.Release|x64.ActiveCfg = Release|x64
		{F8F860EA-EEB3-42CA-AB20-7B33F8948DA6}.Release|x64.Build.0 = Release|x64
		{F8F860EA-EEB3-42CA-AB20-7B33F8948DA6}.Release|x86.ActiveCfg = Release|Win32
		{F8F860EA-EEB3-42CA-AB20-7B33F8948DA6}.Release|x86.Build.0 = Release|Win32
	EndGlobalSection
	GlobalSection(SolutionProperties) = preSolution
		HideSolutionNode = FALSE
	EndGlobalSection
	GlobalSection(ExtensibilityGlobals) = postSolution
		SolutionGuid = {89A700B7-DD3D-45CF-80E9-FDC4B00333DF}
	EndGlobalSection
EndGlobal
